// !$*UTF8*$!
{
	archiveVersion = 1;
	classes = {
	};
	objectVersion = 50;
	objects = {

/* Begin PBXBuildFile section */
		2783068E2395CF0800D7130D /* AppDelegate.swift in Sources */ = {isa = PBXBuildFile; fileRef = 2783068D2395CF0800D7130D /* AppDelegate.swift */; };
		278306902395CF0800D7130D /* SceneDelegate.swift in Sources */ = {isa = PBXBuildFile; fileRef = 2783068F2395CF0800D7130D /* SceneDelegate.swift */; };
		278306922395CF0800D7130D /* ViewController.swift in Sources */ = {isa = PBXBuildFile; fileRef = 278306912395CF0800D7130D /* ViewController.swift */; };
		278306952395CF0800D7130D /* Main.storyboard in Resources */ = {isa = PBXBuildFile; fileRef = 278306932395CF0800D7130D /* Main.storyboard */; };
		278306972395CF0900D7130D /* Assets.xcassets in Resources */ = {isa = PBXBuildFile; fileRef = 278306962395CF0900D7130D /* Assets.xcassets */; };
		2783069A2395CF0900D7130D /* LaunchScreen.storyboard in Resources */ = {isa = PBXBuildFile; fileRef = 278306982395CF0900D7130D /* LaunchScreen.storyboard */; };
		278306B22395D42200D7130D /* SwiftSocket in Resources */ = {isa = PBXBuildFile; fileRef = 278306B12395D42200D7130D /* SwiftSocket */; };
/* End PBXBuildFile section */

/* Begin PBXCopyFilesBuildPhase section */
		278B957E2395D65F00054F7A /* Embed Frameworks */ = {
			isa = PBXCopyFilesBuildPhase;
			buildActionMask = 2147483647;
			dstPath = "";
			dstSubfolderSpec = 10;
			files = (
			);
			name = "Embed Frameworks";
			runOnlyForDeploymentPostprocessing = 0;
		};
/* End PBXCopyFilesBuildPhase section */

/* Begin PBXFileReference section */
		2783068A2395CF0800D7130D /* PoseCtrl.app */ = {isa = PBXFileReference; explicitFileType = wrapper.application; includeInIndex = 0; path = PoseCtrl.app; sourceTree = BUILT_PRODUCTS_DIR; };
		2783068D2395CF0800D7130D /* AppDelegate.swift */ = {isa = PBXFileReference; lastKnownFileType = sourcecode.swift; path = AppDelegate.swift; sourceTree = "<group>"; };
		2783068F2395CF0800D7130D /* SceneDelegate.swift */ = {isa = PBXFileReference; lastKnownFileType = sourcecode.swift; path = SceneDelegate.swift; sourceTree = "<group>"; };
		278306912395CF0800D7130D /* ViewController.swift */ = {isa = PBXFileReference; lastKnownFileType = sourcecode.swift; path = ViewController.swift; sourceTree = "<group>"; };
		278306942395CF0800D7130D /* Base */ = {isa = PBXFileReference; lastKnownFileType = file.storyboard; name = Base; path = Base.lproj/Main.storyboard; sourceTree = "<group>"; };
		278306962395CF0900D7130D /* Assets.xcassets */ = {isa = PBXFileReference; lastKnownFileType = folder.assetcatalog; path = Assets.xcassets; sourceTree = "<group>"; };
		278306992395CF0900D7130D /* Base */ = {isa = PBXFileReference; lastKnownFileType = file.storyboard; name = Base; path = Base.lproj/LaunchScreen.storyboard; sourceTree = "<group>"; };
		2783069B2395CF0900D7130D /* Info.plist */ = {isa = PBXFileReference; lastKnownFileType = text.plist.xml; path = Info.plist; sourceTree = "<group>"; };
		278306B12395D42200D7130D /* SwiftSocket */ = {isa = PBXFileReference; lastKnownFileType = folder; name = SwiftSocket; path = ../../../git/posectrl/ctrl/SwiftSocket; sourceTree = "<group>"; };
/* End PBXFileReference section */

/* Begin PBXFrameworksBuildPhase section */
		278306872395CF0800D7130D /* Frameworks */ = {
			isa = PBXFrameworksBuildPhase;
			buildActionMask = 2147483647;
			files = (
			);
			runOnlyForDeploymentPostprocessing = 0;
		};
/* End PBXFrameworksBuildPhase section */

/* Begin PBXGroup section */
		278306812395CF0800D7130D = {
			isa = PBXGroup;
			children = (
				278306B12395D42200D7130D /* SwiftSocket */,
				2783068C2395CF0800D7130D /* PoseCtrl */,
				2783068B2395CF0800D7130D /* Products */,
				278306A12395D36200D7130D /* Frameworks */,
			);
			sourceTree = "<group>";
		};
		2783068B2395CF0800D7130D /* Products */ = {
			isa = PBXGroup;
			children = (
				2783068A2395CF0800D7130D /* PoseCtrl.app */,
			);
			name = Products;
			sourceTree = "<group>";
		};
		2783068C2395CF0800D7130D /* PoseCtrl */ = {
			isa = PBXGroup;
			children = (
				2783068D2395CF0800D7130D /* AppDelegate.swift */,
				2783068F2395CF0800D7130D /* SceneDelegate.swift */,
				278306912395CF0800D7130D /* ViewController.swift */,
				278306932395CF0800D7130D /* Main.storyboard */,
				278306962395CF0900D7130D /* Assets.xcassets */,
				278306982395CF0900D7130D /* LaunchScreen.storyboard */,
				2783069B2395CF0900D7130D /* Info.plist */,
			);
			path = PoseCtrl;
			sourceTree = "<group>";
		};
		278306A12395D36200D7130D /* Frameworks */ = {
			isa = PBXGroup;
			children = (
			);
			name = Frameworks;
			sourceTree = "<group>";
		};
/* End PBXGroup section */

/* Begin PBXNativeTarget section */
		278306892395CF0800D7130D /* PoseCtrl */ = {
			isa = PBXNativeTarget;
			buildConfigurationList = 2783069E2395CF0900D7130D /* Build configuration list for PBXNativeTarget "PoseCtrl" */;
			buildPhases = (
				278306862395CF0800D7130D /* Sources */,
				278306872395CF0800D7130D /* Frameworks */,
				278306882395CF0800D7130D /* Resources */,
				278B957E2395D65F00054F7A /* Embed Frameworks */,
			);
			buildRules = (
			);
			dependencies = (
			);
			name = PoseCtrl;
			productName = PoseCtrl;
			productReference = 2783068A2395CF0800D7130D /* PoseCtrl.app */;
			productType = "com.apple.product-type.application";
		};
/* End PBXNativeTarget section */

/* Begin PBXProject section */
		278306822395CF0800D7130D /* Project object */ = {
			isa = PBXProject;
			attributes = {
				LastSwiftUpdateCheck = 1120;
				LastUpgradeCheck = 1120;
				ORGANIZATIONNAME = "Kyle Lei";
				TargetAttributes = {
					278306892395CF0800D7130D = {
						CreatedOnToolsVersion = 11.2;
					};
				};
			};
			buildConfigurationList = 278306852395CF0800D7130D /* Build configuration list for PBXProject "PoseCtrl" */;
			compatibilityVersion = "Xcode 9.3";
			developmentRegion = en;
			hasScannedForEncodings = 0;
			knownRegions = (
				en,
				Base,
			);
			mainGroup = 278306812395CF0800D7130D;
			productRefGroup = 2783068B2395CF0800D7130D /* Products */;
			projectDirPath = "";
			projectRoot = "";
			targets = (
				278306892395CF0800D7130D /* PoseCtrl */,
			);
		};
/* End PBXProject section */

/* Begin PBXResourcesBuildPhase section */
		278306882395CF0800D7130D /* Resources */ = {
			isa = PBXResourcesBuildPhase;
			buildActionMask = 2147483647;
			files = (
				2783069A2395CF0900D7130D /* LaunchScreen.storyboard in Resources */,
				278306B22395D42200D7130D /* SwiftSocket in Resources */,
				278306972395CF0900D7130D /* Assets.xcassets in Resources */,
				278306952395CF0800D7130D /* Main.storyboard in Resources */,
			);
			runOnlyForDeploymentPostprocessing = 0;
		};
/* End PBXResourcesBuildPhase section */

/* Begin PBXSourcesBuildPhase section */
		278306862395CF0800D7130D /* Sources */ = {
			isa = PBXSourcesBuildPhase;
			buildActionMask = 2147483647;
			files = (
				278306922395CF0800D7130D /* ViewController.swift in Sources */,
				2783068E2395CF0800D7130D /* AppDelegate.swift in Sources */,
				278306902395CF0800D7130D /* SceneDelegate.swift in Sources */,
			);
			runOnlyForDeploymentPostprocessing = 0;
		};
/* End PBXSourcesBuildPhase section */

/* Begin PBXVariantGroup section */
		278306932395CF0800D7130D /* Main.storyboard */ = {
			isa = PBXVariantGroup;
			children = (
				278306942395CF0800D7130D /* Base */,
			);
			name = Main.storyboard;
			sourceTree = "<group>";
		};
		278306982395CF0900D7130D /* LaunchScreen.storyboard */ = {
			isa = PBXVariantGroup;
			children = (
				278306992395CF0900D7130D /* Base */,
			);
			name = LaunchScreen.storyboard;
			sourceTree = "<group>";
		};
/* End PBXVariantGroup section */

/* Begin XCBuildConfiguration section */
		2783069C2395CF0900D7130D /* Debug */ = {
			isa = XCBuildConfiguration;
			buildSettings = {
				ALWAYS_SEARCH_USER_PATHS = NO;
				CLANG_ANALYZER_NONNULL = YES;
				CLANG_ANALYZER_NUMBER_OBJECT_CONVERSION = YES_AGGRESSIVE;
				CLANG_CXX_LANGUAGE_STANDARD = "gnu++14";
				CLANG_CXX_LIBRARY = "libc++";
				CLANG_ENABLE_MODULES = YES;
				CLANG_ENABLE_OBJC_ARC = YES;
				CLANG_ENABLE_OBJC_WEAK = YES;
				CLANG_WARN_BLOCK_CAPTURE_AUTORELEASING = YES;
				CLANG_WARN_BOOL_CONVERSION = YES;
				CLANG_WARN_COMMA = YES;
				CLANG_WARN_CONSTANT_CONVERSION = YES;
				CLANG_WARN_DEPRECATED_OBJC_IMPLEMENTATIONS = YES;
				CLANG_WARN_DIRECT_OBJC_ISA_USAGE = YES_ERROR;
				CLANG_WARN_DOCUMENTATION_COMMENTS = YES;
				CLANG_WARN_EMPTY_BODY = YES;
				CLANG_WARN_ENUM_CONVERSION = YES;
				CLANG_WARN_INFINITE_RECURSION = YES;
				CLANG_WARN_INT_CONVERSION = YES;
				CLANG_WARN_NON_LITERAL_NULL_CONVERSION = YES;
				CLANG_WARN_OBJC_IMPLICIT_RETAIN_SELF = YES;
				CLANG_WARN_OBJC_LITERAL_CONVERSION = YES;
				CLANG_WARN_OBJC_ROOT_CLASS = YES_ERROR;
				CLANG_WARN_RANGE_LOOP_ANALYSIS = YES;
				CLANG_WARN_STRICT_PROTOTYPES = YES;
				CLANG_WARN_SUSPICIOUS_MOVE = YES;
				CLANG_WARN_UNGUARDED_AVAILABILITY = YES_AGGRESSIVE;
				CLANG_WARN_UNREACHABLE_CODE = YES;
				CLANG_WARN__DUPLICATE_METHOD_MATCH = YES;
				COPY_PHASE_STRIP = NO;
				DEBUG_INFORMATION_FORMAT = dwarf;
				ENABLE_STRICT_OBJC_MSGSEND = YES;
				ENABLE_TESTABILITY = YES;
				GCC_C_LANGUAGE_STANDARD = gnu11;
				GCC_DYNAMIC_NO_PIC = NO;
				GCC_NO_COMMON_BLOCKS = YES;
				GCC_OPTIMIZATION_LEVEL = 0;
				GCC_PREPROCESSOR_DEFINITIONS = (
					"DEBUG=1",
					"$(inherited)",
				);
				GCC_WARN_64_TO_32_BIT_CONVERSION = YES;
				GCC_WARN_ABOUT_RETURN_TYPE = YES_ERROR;
				GCC_WARN_UNDECLARED_SELECTOR = YES;
				GCC_WARN_UNINITIALIZED_AUTOS = YES_AGGRESSIVE;
				GCC_WARN_UNUSED_FUNCTION = YES;
				GCC_WARN_UNUSED_VARIABLE = YES;
				IPHONEOS_DEPLOYMENT_TARGET = 13.2;
				MTL_ENABLE_DEBUG_INFO = INCLUDE_SOURCE;
				MTL_FAST_MATH = YES;
				ONLY_ACTIVE_ARCH = YES;
				SDKROOT = iphoneos;
				SWIFT_ACTIVE_COMPILATION_CONDITIONS = DEBUG;
				SWIFT_OPTIMIZATION_LEVEL = "-Onone";
			};
			name = Debug;
		};
		2783069D2395CF0900D7130D /* Release */ = {
			isa = XCBuildConfiguration;
			buildSettings = {
				ALWAYS_SEARCH_USER_PATHS = NO;
				CLANG_ANALYZER_NONNULL = YES;
				CLANG_ANALYZER_NUMBER_OBJECT_CONVERSION = YES_AGGRESSIVE;
				CLANG_CXX_LANGUAGE_STANDARD = "gnu++14";
				CLANG_CXX_LIBRARY = "libc++";
				CLANG_ENABLE_MODULES = YES;
				CLANG_ENABLE_OBJC_ARC = YES;
				CLANG_ENABLE_OBJC_WEAK = YES;
				CLANG_WARN_BLOCK_CAPTURE_AUTORELEASING = YES;
				CLANG_WARN_BOOL_CONVERSION = YES;
				CLANG_WARN_COMMA = YES;
				CLANG_WARN_CONSTANT_CONVERSION = YES;
				CLANG_WARN_DEPRECATED_OBJC_IMPLEMENTATIONS = YES;
				CLANG_WARN_DIRECT_OBJC_ISA_USAGE = YES_ERROR;
				CLANG_WARN_DOCUMENTATION_COMMENTS = YES;
				CLANG_WARN_EMPTY_BODY = YES;
				CLANG_WARN_ENUM_CONVERSION = YES;
				CLANG_WARN_INFINITE_RECURSION = YES;
				CLANG_WARN_INT_CONVERSION = YES;
				CLANG_WARN_NON_LITERAL_NULL_CONVERSION = YES;
				CLANG_WARN_OBJC_IMPLICIT_RETAIN_SELF = YES;
				CLANG_WARN_OBJC_LITERAL_CONVERSION = YES;
				CLANG_WARN_OBJC_ROOT_CLASS = YES_ERROR;
				CLANG_WARN_RANGE_LOOP_ANALYSIS = YES;
				CLANG_WARN_STRICT_PROTOTYPES = YES;
				CLANG_WARN_SUSPICIOUS_MOVE = YES;
				CLANG_WARN_UNGUARDED_AVAILABILITY = YES_AGGRESSIVE;
				CLANG_WARN_UNREACHABLE_CODE = YES;
				CLANG_WARN__DUPLICATE_METHOD_MATCH = YES;
				COPY_PHASE_STRIP = NO;
				DEBUG_INFORMATION_FORMAT = "dwarf-with-dsym";
				ENABLE_NS_ASSERTIONS = NO;
				ENABLE_STRICT_OBJC_MSGSEND = YES;
				GCC_C_LANGUAGE_STANDARD = gnu11;
				GCC_NO_COMMON_BLOCKS = YES;
				GCC_WARN_64_TO_32_BIT_CONVERSION = YES;
				GCC_WARN_ABOUT_RETURN_TYPE = YES_ERROR;
				GCC_WARN_UNDECLARED_SELECTOR = YES;
				GCC_WARN_UNINITIALIZED_AUTOS = YES_AGGRESSIVE;
				GCC_WARN_UNUSED_FUNCTION = YES;
				GCC_WARN_UNUSED_VARIABLE = YES;
				IPHONEOS_DEPLOYMENT_TARGET = 13.2;
				MTL_ENABLE_DEBUG_INFO = NO;
				MTL_FAST_MATH = YES;
				SDKROOT = iphoneos;
				SWIFT_COMPILATION_MODE = wholemodule;
				SWIFT_OPTIMIZATION_LEVEL = "-O";
				VALIDATE_PRODUCT = YES;
			};
			name = Release;
		};
		2783069F2395CF0900D7130D /* Debug */ = {
			isa = XCBuildConfiguration;
			buildSettings = {
				ASSETCATALOG_COMPILER_APPICON_NAME = AppIcon;
				CODE_SIGN_STYLE = Automatic;
				DEVELOPMENT_TEAM = 64YWBQK928;
				FRAMEWORK_SEARCH_PATHS = (
					"$(inherited)",
					"$(PROJECT_DIR)",
				);
				INFOPLIST_FILE = PoseCtrl/Info.plist;
				LD_RUNPATH_SEARCH_PATHS = (
					"$(inherited)",
					"@executable_path/Frameworks",
				);
				PRODUCT_BUNDLE_IDENTIFIER = kyle.PoseCtrl;
				PRODUCT_NAME = "$(TARGET_NAME)";
				SWIFT_VERSION = 5.0;
				TARGETED_DEVICE_FAMILY = "1,2";
			};
			name = Debug;
		};
		278306A02395CF0900D7130D /* Release */ = {
			isa = XCBuildConfiguration;
			buildSettings = {
				ASSETCATALOG_COMPILER_APPICON_NAME = AppIcon;
				CODE_SIGN_STYLE = Automatic;
				DEVELOPMENT_TEAM = 64YWBQK928;
				FRAMEWORK_SEARCH_PATHS = (
					"$(inherited)",
					"$(PROJECT_DIR)",
				);
				INFOPLIST_FILE = PoseCtrl/Info.plist;
				LD_RUNPATH_SEARCH_PATHS = (
					"$(inherited)",
					"@executable_path/Frameworks",
				);
				PRODUCT_BUNDLE_IDENTIFIER = kyle.PoseCtrl;
				PRODUCT_NAME = "$(TARGET_NAME)";
				SWIFT_VERSION = 5.0;
				TARGETED_DEVICE_FAMILY = "1,2";
			};
			name = Release;
		};
/* End XCBuildConfiguration section */

/* Begin XCConfigurationList section */
		278306852395CF0800D7130D /* Build configuration list for PBXProject "PoseCtrl" */ = {
			isa = XCConfigurationList;
			buildConfigurations = (
				2783069C2395CF0900D7130D /* Debug */,
				2783069D2395CF0900D7130D /* Release */,
			);
			defaultConfigurationIsVisible = 0;
			defaultConfigurationName = Release;
		};
		2783069E2395CF0900D7130D /* Build configuration list for PBXNativeTarget "PoseCtrl" */ = {
			isa = XCConfigurationList;
			buildConfigurations = (
				2783069F2395CF0900D7130D /* Debug */,
				278306A02395CF0900D7130D /* Release */,
			);
			defaultConfigurationIsVisible = 0;
			defaultConfigurationName = Release;
		};
/* End XCConfigurationList section */
	};
	rootObject = 278306822395CF0800D7130D /* Project object */;
}
